
Microsoft Visual Studio Solution File, Format Version 12.00
# Visual Studio Version 17
VisualStudioVersion = 17.1.32414.318
MinimumVisualStudioVersion = 10.0.40219.1
Project("{9A19103F-16F7-4668-BE54-9A1E7A4F7556}") = "Basics", "Basics\Basics.csproj", "{DA5AB58B-D14A-4BEF-942B-4814A29A357F}"
EndProject
Project("{9A19103F-16F7-4668-BE54-9A1E7A4F7556}") = "IdentityExample", "IdentityExample\IdentityExample.csproj", "{D6740867-210F-403E-AFB5-6FA2F1E58AFE}"
EndProject
Project("{2150E333-8FDC-42A3-9474-1A3956D46DE8}") = "basic", "basic", "{68FC1713-F9EC-458C-8A4D-B2495026923B}"
EndProject
Project("{2150E333-8FDC-42A3-9474-1A3956D46DE8}") = "oauth", "oauth", "{0D67F986-3B08-42F6-8E09-570C103668B0}"
EndProject
Project("{9A19103F-16F7-4668-BE54-9A1E7A4F7556}") = "Server", "Server\Server.csproj", "{3DE4E9DE-9163-43D2-A71A-5449B662CD4D}"
EndProject
Project("{9A19103F-16F7-4668-BE54-9A1E7A4F7556}") = "Client", "Client\Client.csproj", "{5E89EA84-E1F7-4E1A-8951-F5400AB93EEE}"
EndProject
Project("{9A19103F-16F7-4668-BE54-9A1E7A4F7556}") = "Api", "Api\Api.csproj", "{05B2E7E2-0807-4E6F-B099-85DF6E9E8965}"
EndProject
Project("{2150E333-8FDC-42A3-9474-1A3956D46DE8}") = "identityserver4", "identityserver4", "{621ADC80-E407-48B0-9F8B-9C9D8D43A415}"
EndProject
Project("{9A19103F-16F7-4668-BE54-9A1E7A4F7556}") = "IdentityServer", "IdentityServer\IdentityServer.csproj", "{835900C8-F38A-4D7A-B271-432F692116AE}"
EndProject
Project("{9A19103F-16F7-4668-BE54-9A1E7A4F7556}") = "ApiOne", "ApiOne\ApiOne.csproj", "{7DC050DE-320F-43E1-9EC1-989A26047644}"
EndProject
Project("{9A19103F-16F7-4668-BE54-9A1E7A4F7556}") = "ApiTwo", "ApiTwo\ApiTwo.csproj", "{7B6EEF67-756C-40D0-97E4-93412664374F}"
EndProject
Project("{9A19103F-16F7-4668-BE54-9A1E7A4F7556}") = "MvcClient", "MvcClient\MvcClient.csproj", "{6FC9F9DD-51D8-40FE-82C0-0192B663C5C9}"
EndProject
Project("{FAE04EC0-301F-11D3-BF4B-00C04F79EFBC}") = "JavascriptClient", "JavascriptClient\JavascriptClient.csproj", "{582B5B2A-5B68-44EB-A4E8-11F99946041F}"
EndProject
Global
	GlobalSection(SolutionConfigurationPlatforms) = preSolution
		Debug|Any CPU = Debug|Any CPU
		Release|Any CPU = Release|Any CPU
	EndGlobalSection
	GlobalSection(ProjectConfigurationPlatforms) = postSolution
		{DA5AB58B-D14A-4BEF-942B-4814A29A357F}.Debug|Any CPU.ActiveCfg = Debug|Any CPU
		{DA5AB58B-D14A-4BEF-942B-4814A29A357F}.Debug|Any CPU.Build.0 = Debug|Any CPU
		{DA5AB58B-D14A-4BEF-942B-4814A29A357F}.Release|Any CPU.ActiveCfg = Release|Any CPU
		{DA5AB58B-D14A-4BEF-942B-4814A29A357F}.Release|Any CPU.Build.0 = Release|Any CPU
		{D6740867-210F-403E-AFB5-6FA2F1E58AFE}.Debug|Any CPU.ActiveCfg = Debug|Any CPU
		{D6740867-210F-403E-AFB5-6FA2F1E58AFE}.Debug|Any CPU.Build.0 = Debug|Any CPU
		{D6740867-210F-403E-AFB5-6FA2F1E58AFE}.Release|Any CPU.ActiveCfg = Release|Any CPU
		{D6740867-210F-403E-AFB5-6FA2F1E58AFE}.Release|Any CPU.Build.0 = Release|Any CPU
		{3DE4E9DE-9163-43D2-A71A-5449B662CD4D}.Debug|Any CPU.ActiveCfg = Debug|Any CPU
		{3DE4E9DE-9163-43D2-A71A-5449B662CD4D}.Debug|Any CPU.Build.0 = Debug|Any CPU
		{3DE4E9DE-9163-43D2-A71A-5449B662CD4D}.Release|Any CPU.ActiveCfg = Release|Any CPU
		{3DE4E9DE-9163-43D2-A71A-5449B662CD4D}.Release|Any CPU.Build.0 = Release|Any CPU
		{5E89EA84-E1F7-4E1A-8951-F5400AB93EEE}.Debug|Any CPU.ActiveCfg = Debug|Any CPU
		{5E89EA84-E1F7-4E1A-8951-F5400AB93EEE}.Debug|Any CPU.Build.0 = Debug|Any CPU
		{5E89EA84-E1F7-4E1A-8951-F5400AB93EEE}.Release|Any CPU.ActiveCfg = Release|Any CPU
		{5E89EA84-E1F7-4E1A-8951-F5400AB93EEE}.Release|Any CPU.Build.0 = Release|Any CPU
		{05B2E7E2-0807-4E6F-B099-85DF6E9E8965}.Debug|Any CPU.ActiveCfg = Debug|Any CPU
		{05B2E7E2-0807-4E6F-B099-85DF6E9E8965}.Debug|Any CPU.Build.0 = Debug|Any CPU
		{05B2E7E2-0807-4E6F-B099-85DF6E9E8965}.Release|Any CPU.ActiveCfg = Release|Any CPU
		{05B2E7E2-0807-4E6F-B099-85DF6E9E8965}.Release|Any CPU.Build.0 = Release|Any CPU
		{835900C8-F38A-4D7A-B271-432F692116AE}.Debug|Any CPU.ActiveCfg = Debug|Any CPU
		{835900C8-F38A-4D7A-B271-432F692116AE}.Debug|Any CPU.Build.0 = Debug|Any CPU
		{835900C8-F38A-4D7A-B271-432F692116AE}.Release|Any CPU.ActiveCfg = Release|Any CPU
		{835900C8-F38A-4D7A-B271-432F692116AE}.Release|Any CPU.Build.0 = Release|Any CPU
		{7DC050DE-320F-43E1-9EC1-989A26047644}.Debug|Any CPU.ActiveCfg = Debug|Any CPU
		{7DC050DE-320F-43E1-9EC1-989A26047644}.Debug|Any CPU.Build.0 = Debug|Any CPU
		{7DC050DE-320F-43E1-9EC1-989A26047644}.Release|Any CPU.ActiveCfg = Release|Any CPU
		{7DC050DE-320F-43E1-9EC1-989A26047644}.Release|Any CPU.Build.0 = Release|Any CPU
		{7B6EEF67-756C-40D0-97E4-93412664374F}.Debug|Any CPU.ActiveCfg = Debug|Any CPU
		{7B6EEF67-756C-40D0-97E4-93412664374F}.Debug|Any CPU.Build.0 = Debug|Any CPU
		{7B6EEF67-756C-40D0-97E4-93412664374F}.Release|Any CPU.ActiveCfg = Release|Any CPU
		{7B6EEF67-756C-40D0-97E4-93412664374F}.Release|Any CPU.Build.0 = Release|Any CPU
		{6FC9F9DD-51D8-40FE-82C0-0192B663C5C9}.Debug|Any CPU.ActiveCfg = Debug|Any CPU
		{6FC9F9DD-51D8-40FE-82C0-0192B663C5C9}.Debug|Any CPU.Build.0 = Debug|Any CPU
		{6FC9F9DD-51D8-40FE-82C0-0192B663C5C9}.Release|Any CPU.ActiveCfg = Release|Any CPU
		{6FC9F9DD-51D8-40FE-82C0-0192B663C5C9}.Release|Any CPU.Build.0 = Release|Any CPU
		{582B5B2A-5B68-44EB-A4E8-11F99946041F}.Debug|Any CPU.ActiveCfg = Debug|Any CPU
		{582B5B2A-5B68-44EB-A4E8-11F99946041F}.Debug|Any CPU.Build.0 = Debug|Any CPU
		{582B5B2A-5B68-44EB-A4E8-11F99946041F}.Release|Any CPU.ActiveCfg = Release|Any CPU
		{582B5B2A-5B68-44EB-A4E8-11F99946041F}.Release|Any CPU.Build.0 = Release|Any CPU
	EndGlobalSection
	GlobalSection(SolutionProperties) = preSolution
		HideSolutionNode = FALSE
	EndGlobalSection
	GlobalSection(NestedProjects) = preSolution
		{DA5AB58B-D14A-4BEF-942B-4814A29A357F} = {68FC1713-F9EC-458C-8A4D-B2495026923B}
		{D6740867-210F-403E-AFB5-6FA2F1E58AFE} = {68FC1713-F9EC-458C-8A4D-B2495026923B}
		{3DE4E9DE-9163-43D2-A71A-5449B662CD4D} = {0D67F986-3B08-42F6-8E09-570C103668B0}
		{5E89EA84-E1F7-4E1A-8951-F5400AB93EEE} = {0D67F986-3B08-42F6-8E09-570C103668B0}
		{05B2E7E2-0807-4E6F-B099-85DF6E9E8965} = {0D67F986-3B08-42F6-8E09-570C103668B0}
		{835900C8-F38A-4D7A-B271-432F692116AE} = {621ADC80-E407-48B0-9F8B-9C9D8D43A415}
		{7DC050DE-320F-43E1-9EC1-989A26047644} = {621ADC80-E407-48B0-9F8B-9C9D8D43A415}
		{7B6EEF67-756C-40D0-97E4-93412664374F} = {621ADC80-E407-48B0-9F8B-9C9D8D43A415}
		{6FC9F9DD-51D8-40FE-82C0-0192B663C5C9} = {621ADC80-E407-48B0-9F8B-9C9D8D43A415}
		{582B5B2A-5B68-44EB-A4E8-11F99946041F} = {621ADC80-E407-48B0-9F8B-9C9D8D43A415}
	EndGlobalSection
	GlobalSection(ExtensibilityGlobals) = postSolution
		SolutionGuid = {07863C68-B4A8-4E2A-83C9-882ABC3E5264}
	EndGlobalSection
EndGlobal
